
Microsoft Visual Studio Solution File, Format Version 12.00
# Visual Studio Version 16
VisualStudioVersion = 16.0.31624.102
MinimumVisualStudioVersion = 10.0.40219.1
Project("{9A19103F-16F7-4668-BE54-9A1E7A4F7556}") = "API", "API\API.csproj", "{D6B2D40D-2304-4F08-BFF6-266ECDC352ED}"
EndProject
Global
	GlobalSection(SolutionConfigurationPlatforms) = preSolution
		Debug|Any CPU = Debug|Any CPU
		Release|Any CPU = Release|Any CPU
	EndGlobalSection
	GlobalSection(ProjectConfigurationPlatforms) = postSolution
		{D6B2D40D-2304-4F08-BFF6-266ECDC352ED}.Debug|Any CPU.ActiveCfg = Debug|Any CPU
		{D6B2D40D-2304-4F08-BFF6-266ECDC352ED}.Debug|Any CPU.Build.0 = Debug|Any CPU
		{D6B2D40D-2304-4F08-BFF6-266ECDC352ED}.Release|Any CPU.ActiveCfg = Release|Any CPU
		{D6B2D40D-2304-4F08-BFF6-266ECDC352ED}.Release|Any CPU.Build.0 = Release|Any CPU
	EndGlobalSection
	GlobalSection(SolutionProperties) = preSolution
		HideSolutionNode = FALSE
	EndGlobalSection
	GlobalSection(ExtensibilityGlobals) = postSolution
		SolutionGuid = {024E8107-511E-4F00-9B70-366EF25D43F3}
	EndGlobalSection
EndGlobal
